{
    "_readme": [
        "This file locks the dependencies of your project to a known state",
        "Read more about it at https://getcomposer.org/doc/01-basic-usage.md#installing-dependencies",
        "This file is @generated automatically"
    ],
    "content-hash": "a7ff4c40f8d831c1f772405817b1f2e5",
    "packages": [],
    "packages-dev": [
        {
            "name": "ergebnis/phpstan-rules",
            "version": "2.4.0",
            "source": {
                "type": "git",
                "url": "https://github.com/ergebnis/phpstan-rules.git",
                "reference": "78289a18d71adc0970e39f9d15f67f0ca7354be4"
            },
            "dist": {
                "type": "zip",
                "url": "https://api.github.com/repos/ergebnis/phpstan-rules/zipball/78289a18d71adc0970e39f9d15f67f0ca7354be4",
                "reference": "78289a18d71adc0970e39f9d15f67f0ca7354be4",
                "shasum": ""
            },
            "require": {
                "ext-mbstring": "*",
                "nikic/php-parser": "^4.2.3 || ^5.0.0",
                "php": "~8.1.0 || ~8.2.0 || ~8.3.0 || ~8.4.0",
                "phpstan/phpstan": "^1.10.21"
            },
            "require-dev": {
                "doctrine/orm": "^3.3.0",
                "ergebnis/composer-normalize": "^2.44.0",
                "ergebnis/license": "^2.6.0",
                "ergebnis/php-cs-fixer-config": "^6.37.0",
                "ergebnis/phpunit-slow-test-detector": "^2.16.1",
                "nette/di": "^3.2.3",
                "phpstan/phpstan-deprecation-rules": "^1.2.1",
                "phpstan/phpstan-strict-rules": "^1.6.1",
                "phpunit/phpunit": "^10.5.26",
                "psr/container": "^2.0.2"
            },
            "type": "phpstan-extension",
            "extra": {
                "phpstan": {
                    "includes": [
                        "rules.neon"
                    ]
                }
            },
            "autoload": {
                "psr-4": {
                    "Ergebnis\\PHPStan\\Rules\\": "src/"
                }
            },
            "notification-url": "https://packagist.org/downloads/",
            "license": [
                "MIT"
            ],
            "authors": [
                {
                    "name": "Andreas Möller",
                    "email": "am@localheinz.com",
                    "homepage": "https://localheinz.com"
                }
            ],
            "description": "Provides rules for phpstan/phpstan.",
            "homepage": "https://github.com/ergebnis/phpstan-rules",
            "keywords": [
                "PHPStan",
                "phpstan-rules"
            ],
            "support": {
                "issues": "https://github.com/ergebnis/phpstan-rules/issues",
                "security": "https://github.com/ergebnis/phpstan-rules/blob/main/.github/SECURITY.md",
                "source": "https://github.com/ergebnis/phpstan-rules"
            },
            "time": "2024-11-22T19:14:44+00:00"
        },
        {
            "name": "nikic/php-parser",
            "version": "v5.3.1",
            "source": {
                "type": "git",
                "url": "https://github.com/nikic/PHP-Parser.git",
                "reference": "8eea230464783aa9671db8eea6f8c6ac5285794b"
            },
            "dist": {
                "type": "zip",
                "url": "https://api.github.com/repos/nikic/PHP-Parser/zipball/8eea230464783aa9671db8eea6f8c6ac5285794b",
                "reference": "8eea230464783aa9671db8eea6f8c6ac5285794b",
                "shasum": ""
            },
            "require": {
                "ext-ctype": "*",
                "ext-json": "*",
                "ext-tokenizer": "*",
                "php": ">=7.4"
            },
            "require-dev": {
                "ircmaxell/php-yacc": "^0.0.7",
                "phpunit/phpunit": "^9.0"
            },
            "bin": [
                "bin/php-parse"
            ],
            "type": "library",
            "extra": {
                "branch-alias": {
                    "dev-master": "5.0-dev"
                }
            },
            "autoload": {
                "psr-4": {
                    "PhpParser\\": "lib/PhpParser"
                }
            },
            "notification-url": "https://packagist.org/downloads/",
            "license": [
                "BSD-3-Clause"
            ],
            "authors": [
                {
                    "name": "Nikita Popov"
                }
            ],
            "description": "A PHP parser written in PHP",
            "keywords": [
                "parser",
                "php"
            ],
            "support": {
                "issues": "https://github.com/nikic/PHP-Parser/issues",
                "source": "https://github.com/nikic/PHP-Parser/tree/v5.3.1"
            },
            "time": "2024-10-08T18:51:32+00:00"
        },
        {
            "name": "phpstan/phpstan",
            "version": "1.12.11",
            "source": {
                "type": "git",
                "url": "https://github.com/phpstan/phpstan.git",
                "reference": "0d1fc20a962a91be578bcfe7cf939e6e1a2ff733"
            },
            "dist": {
                "type": "zip",
                "url": "https://api.github.com/repos/phpstan/phpstan/zipball/0d1fc20a962a91be578bcfe7cf939e6e1a2ff733",
                "reference": "0d1fc20a962a91be578bcfe7cf939e6e1a2ff733",
                "shasum": ""
            },
            "require": {
                "php": "^7.2|^8.0"
            },
            "conflict": {
                "phpstan/phpstan-shim": "*"
            },
            "bin": [
                "phpstan",
                "phpstan.phar"
            ],
            "type": "library",
            "autoload": {
                "files": [
                    "bootstrap.php"
                ]
            },
            "notification-url": "https://packagist.org/downloads/",
            "license": [
                "MIT"
            ],
            "description": "PHPStan - PHP Static Analysis Tool",
            "keywords": [
                "dev",
                "static analysis"
            ],
            "support": {
                "docs": "https://phpstan.org/user-guide/getting-started",
                "forum": "https://github.com/phpstan/phpstan/discussions",
                "issues": "https://github.com/phpstan/phpstan/issues",
                "security": "https://github.com/phpstan/phpstan/security/policy",
                "source": "https://github.com/phpstan/phpstan-src"
            },
            "funding": [
                {
                    "url": "https://github.com/ondrejmirtes",
                    "type": "github"
                },
                {
                    "url": "https://github.com/phpstan",
                    "type": "github"
                }
            ],
            "time": "2024-11-17T14:08:01+00:00"
        },
        {
            "name": "phpstan/phpstan-deprecation-rules",
            "version": "1.2.1",
            "source": {
                "type": "git",
                "url": "https://github.com/phpstan/phpstan-deprecation-rules.git",
                "reference": "f94d246cc143ec5a23da868f8f7e1393b50eaa82"
            },
            "dist": {
                "type": "zip",
                "url": "https://api.github.com/repos/phpstan/phpstan-deprecation-rules/zipball/f94d246cc143ec5a23da868f8f7e1393b50eaa82",
                "reference": "f94d246cc143ec5a23da868f8f7e1393b50eaa82",
                "shasum": ""
            },
            "require": {
                "php": "^7.2 || ^8.0",
                "phpstan/phpstan": "^1.12"
            },
            "require-dev": {
                "php-parallel-lint/php-parallel-lint": "^1.2",
                "phpstan/phpstan-phpunit": "^1.0",
                "phpunit/phpunit": "^9.5"
            },
            "type": "phpstan-extension",
            "extra": {
                "phpstan": {
                    "includes": [
                        "rules.neon"
                    ]
                }
            },
            "autoload": {
                "psr-4": {
                    "PHPStan\\": "src/"
                }
            },
            "notification-url": "https://packagist.org/downloads/",
            "license": [
                "MIT"
            ],
            "description": "PHPStan rules for detecting usage of deprecated classes, methods, properties, constants and traits.",
            "support": {
                "issues": "https://github.com/phpstan/phpstan-deprecation-rules/issues",
                "source": "https://github.com/phpstan/phpstan-deprecation-rules/tree/1.2.1"
            },
            "time": "2024-09-11T15:52:35+00:00"
        },
        {
            "name": "phpstan/phpstan-strict-rules",
            "version": "1.6.1",
            "source": {
                "type": "git",
                "url": "https://github.com/phpstan/phpstan-strict-rules.git",
                "reference": "daeec748b53de80a97498462513066834ec28f8b"
            },
            "dist": {
                "type": "zip",
                "url": "https://api.github.com/repos/phpstan/phpstan-strict-rules/zipball/daeec748b53de80a97498462513066834ec28f8b",
                "reference": "daeec748b53de80a97498462513066834ec28f8b",
                "shasum": ""
            },
            "require": {
                "php": "^7.2 || ^8.0",
                "phpstan/phpstan": "^1.12.4"
            },
            "require-dev": {
                "nikic/php-parser": "^4.13.0",
                "php-parallel-lint/php-parallel-lint": "^1.2",
                "phpstan/phpstan-deprecation-rules": "^1.1",
                "phpstan/phpstan-phpunit": "^1.0",
                "phpunit/phpunit": "^9.5"
            },
            "type": "phpstan-extension",
            "extra": {
                "phpstan": {
                    "includes": [
                        "rules.neon"
                    ]
                }
            },
            "autoload": {
                "psr-4": {
                    "PHPStan\\": "src/"
                }
            },
            "notification-url": "https://packagist.org/downloads/",
            "license": [
                "MIT"
            ],
            "description": "Extra strict and opinionated rules for PHPStan",
            "support": {
                "issues": "https://github.com/phpstan/phpstan-strict-rules/issues",
                "source": "https://github.com/phpstan/phpstan-strict-rules/tree/1.6.1"
            },
            "time": "2024-09-20T14:04:44+00:00"
        },
        {
            "name": "rector/rector",
            "version": "1.2.10",
            "source": {
                "type": "git",
                "url": "https://github.com/rectorphp/rector.git",
                "reference": "40f9cf38c05296bd32f444121336a521a293fa61"
            },
            "dist": {
                "type": "zip",
                "url": "https://api.github.com/repos/rectorphp/rector/zipball/40f9cf38c05296bd32f444121336a521a293fa61",
                "reference": "40f9cf38c05296bd32f444121336a521a293fa61",
                "shasum": ""
            },
            "require": {
                "php": "^7.2|^8.0",
                "phpstan/phpstan": "^1.12.5"
            },
            "conflict": {
                "rector/rector-doctrine": "*",
                "rector/rector-downgrade-php": "*",
                "rector/rector-phpunit": "*",
                "rector/rector-symfony": "*"
            },
            "suggest": {
                "ext-dom": "To manipulate phpunit.xml via the custom-rule command"
            },
            "bin": [
                "bin/rector"
            ],
            "type": "library",
            "autoload": {
                "files": [
                    "bootstrap.php"
                ]
            },
            "notification-url": "https://packagist.org/downloads/",
            "license": [
                "MIT"
            ],
            "description": "Instant Upgrade and Automated Refactoring of any PHP code",
            "keywords": [
                "automation",
                "dev",
                "migration",
                "refactoring"
            ],
            "support": {
                "issues": "https://github.com/rectorphp/rector/issues",
                "source": "https://github.com/rectorphp/rector/tree/1.2.10"
            },
            "funding": [
                {
                    "url": "https://github.com/tomasvotruba",
                    "type": "github"
                }
            ],
            "time": "2024-11-08T13:59:10+00:00"
        },
        {
            "name": "vimeo/psalm",
            "version": "0.3.14",
            "source": {
                "type": "git",
                "url": "https://github.com/vimeo/psalm.git",
                "reference": "a14b03c057b312cf097cfbe464a27284c8f735c0"
            },
            "dist": {
                "type": "zip",
                "url": "https://api.github.com/repos/vimeo/psalm/zipball/a14b03c057b312cf097cfbe464a27284c8f735c0",
                "reference": "a14b03c057b312cf097cfbe464a27284c8f735c0",
                "shasum": ""
            },
            "require": {
                "nikic/php-parser": ">=3.0.2",
                "php": ">=5.5"
            },
            "require-dev": {
                "phpunit/phpunit": ">=5.7.4",
                "squizlabs/php_codesniffer": "^2.7"
            },
            "bin": [
                "bin/psalm"
            ],
            "type": "library",
            "autoload": {
                "psr-4": {
                    "Psalm\\": "src/Psalm"
                }
            },
            "notification-url": "https://packagist.org/downloads/",
            "license": [
                "MIT"
            ],
            "authors": [
                {
                    "name": "Matthew Brown"
                }
            ],
            "description": "A static analysis tool for finding errors in PHP applications",
            "keywords": [
                "code",
                "inspection",
                "php"
            ],
            "support": {
                "issues": "https://github.com/vimeo/psalm/issues",
                "source": "https://github.com/vimeo/psalm/tree/0.3.14"
            },
            "time": "2017-01-19T06:32:35+00:00"
        }
    ],
    "aliases": [],
    "minimum-stability": "stable",
    "stability-flags": {
        "ergebnis/phpstan-rules": 0,
        "phpstan/phpstan": 0,
        "phpstan/phpstan-deprecation-rules": 0,
        "phpstan/phpstan-strict-rules": 0,
        "rector/rector": 0,
        "vimeo/psalm": 0
    },
    "prefer-stable": true,
    "prefer-lowest": false,
    "platform": {
        "php": ">=8.3"
    },
    "platform-dev": {},
    "platform-overrides": {
        "php": "8.3"
    },
    "plugin-api-version": "2.6.0"
}
